// !$*UTF8*$!
{
	archiveVersion = 1;
	classes = {
	};
	objectVersion = 50;
	objects = {

/* Begin PBXBuildFile section */
		37B9C14E23700F8B00BC06A3 /* AppDelegate.swift in Sources */ = {isa = PBXBuildFile; fileRef = 37B9C14D23700F8B00BC06A3 /* AppDelegate.swift */; };
		37B9C15023700F8B00BC06A3 /* SceneDelegate.swift in Sources */ = {isa = PBXBuildFile; fileRef = 37B9C14F23700F8B00BC06A3 /* SceneDelegate.swift */; };
		37B9C15223700F8B00BC06A3 /* ContentView.swift in Sources */ = {isa = PBXBuildFile; fileRef = 37B9C15123700F8B00BC06A3 /* ContentView.swift */; };
		37B9C15423700F8E00BC06A3 /* Assets.xcassets in Resources */ = {isa = PBXBuildFile; fileRef = 37B9C15323700F8E00BC06A3 /* Assets.xcassets */; };
		37B9C15723700F8E00BC06A3 /* Preview Assets.xcassets in Resources */ = {isa = PBXBuildFile; fileRef = 37B9C15623700F8E00BC06A3 /* Preview Assets.xcassets */; };
		37B9C15A23700F8E00BC06A3 /* LaunchScreen.storyboard in Resources */ = {isa = PBXBuildFile; fileRef = 37B9C15823700F8E00BC06A3 /* LaunchScreen.storyboard */; };
		37B9C16423700F9900BC06A3 /* ANSI.swift in Sources */ = {isa = PBXBuildFile; fileRef = 37B9C16123700F9900BC06A3 /* ANSI.swift */; };
		37B9C16523700F9900BC06A3 /* Colors.swift in Sources */ = {isa = PBXBuildFile; fileRef = 37B9C16223700F9900BC06A3 /* Colors.swift */; };
		37B9C16623700F9900BC06A3 /* SGRCode.swift in Sources */ = {isa = PBXBuildFile; fileRef = 37B9C16323700F9900BC06A3 /* SGRCode.swift */; };
		37B9C16A2370124E00BC06A3 /* log.txt in Resources */ = {isa = PBXBuildFile; fileRef = 37B9C1692370124E00BC06A3 /* log.txt */; };
/* End PBXBuildFile section */

/* Begin PBXFileReference section */
		37B08938237BFE7B0014638D /* Example.entitlements */ = {isa = PBXFileReference; lastKnownFileType = text.plist.entitlements; path = Example.entitlements; sourceTree = "<group>"; };
		37B9C14A23700F8B00BC06A3 /* Example.app */ = {isa = PBXFileReference; explicitFileType = wrapper.application; includeInIndex = 0; path = Example.app; sourceTree = BUILT_PRODUCTS_DIR; };
		37B9C14D23700F8B00BC06A3 /* AppDelegate.swift */ = {isa = PBXFileReference; lastKnownFileType = sourcecode.swift; path = AppDelegate.swift; sourceTree = "<group>"; };
		37B9C14F23700F8B00BC06A3 /* SceneDelegate.swift */ = {isa = PBXFileReference; lastKnownFileType = sourcecode.swift; path = SceneDelegate.swift; sourceTree = "<group>"; };
		37B9C15123700F8B00BC06A3 /* ContentView.swift */ = {isa = PBXFileReference; lastKnownFileType = sourcecode.swift; path = ContentView.swift; sourceTree = "<group>"; };
		37B9C15323700F8E00BC06A3 /* Assets.xcassets */ = {isa = PBXFileReference; lastKnownFileType = folder.assetcatalog; path = Assets.xcassets; sourceTree = "<group>"; };
		37B9C15623700F8E00BC06A3 /* Preview Assets.xcassets */ = {isa = PBXFileReference; lastKnownFileType = folder.assetcatalog; path = "Preview Assets.xcassets"; sourceTree = "<group>"; };
		37B9C15923700F8E00BC06A3 /* Base */ = {isa = PBXFileReference; lastKnownFileType = file.storyboard; name = Base; path = Base.lproj/LaunchScreen.storyboard; sourceTree = "<group>"; };
		37B9C15B23700F8E00BC06A3 /* Info.plist */ = {isa = PBXFileReference; lastKnownFileType = text.plist.xml; path = Info.plist; sourceTree = "<group>"; };
		37B9C16123700F9900BC06A3 /* ANSI.swift */ = {isa = PBXFileReference; fileEncoding = 4; lastKnownFileType = sourcecode.swift; name = ANSI.swift; path = ../../Sources/ANSIKit/ANSI.swift; sourceTree = "<group>"; };
		37B9C16223700F9900BC06A3 /* Colors.swift */ = {isa = PBXFileReference; fileEncoding = 4; lastKnownFileType = sourcecode.swift; name = Colors.swift; path = ../../Sources/ANSIKit/Colors.swift; sourceTree = "<group>"; };
		37B9C16323700F9900BC06A3 /* SGRCode.swift */ = {isa = PBXFileReference; fileEncoding = 4; lastKnownFileType = sourcecode.swift; name = SGRCode.swift; path = ../../Sources/ANSIKit/SGRCode.swift; sourceTree = "<group>"; };
		37B9C1692370124E00BC06A3 /* log.txt */ = {isa = PBXFileReference; lastKnownFileType = text; path = log.txt; sourceTree = "<group>"; };
/* End PBXFileReference section */

/* Begin PBXFrameworksBuildPhase section */
		37B9C14723700F8B00BC06A3 /* Frameworks */ = {
			isa = PBXFrameworksBuildPhase;
			buildActionMask = 2147483647;
			files = (
			);
			runOnlyForDeploymentPostprocessing = 0;
		};
/* End PBXFrameworksBuildPhase section */

/* Begin PBXGroup section */
		37B9C14123700F8B00BC06A3 = {
			isa = PBXGroup;
			children = (
				37B9C14C23700F8B00BC06A3 /* Example */,
				37B9C14B23700F8B00BC06A3 /* Products */,
			);
			sourceTree = "<group>";
		};
		37B9C14B23700F8B00BC06A3 /* Products */ = {
			isa = PBXGroup;
			children = (
				37B9C14A23700F8B00BC06A3 /* Example.app */,
			);
			name = Products;
			sourceTree = "<group>";
		};
		37B9C14C23700F8B00BC06A3 /* Example */ = {
			isa = PBXGroup;
			children = (
				37B08938237BFE7B0014638D /* Example.entitlements */,
				37B9C16123700F9900BC06A3 /* ANSI.swift */,
				37B9C16223700F9900BC06A3 /* Colors.swift */,
				37B9C16323700F9900BC06A3 /* SGRCode.swift */,
				37B9C14D23700F8B00BC06A3 /* AppDelegate.swift */,
				37B9C14F23700F8B00BC06A3 /* SceneDelegate.swift */,
				37B9C15123700F8B00BC06A3 /* ContentView.swift */,
				37B9C15323700F8E00BC06A3 /* Assets.xcassets */,
				37B9C15823700F8E00BC06A3 /* LaunchScreen.storyboard */,
				37B9C15B23700F8E00BC06A3 /* Info.plist */,
				37B9C15523700F8E00BC06A3 /* Preview Content */,
				37B9C1692370124E00BC06A3 /* log.txt */,
			);
			path = Example;
			sourceTree = "<group>";
		};
		37B9C15523700F8E00BC06A3 /* Preview Content */ = {
			isa = PBXGroup;
			children = (
				37B9C15623700F8E00BC06A3 /* Preview Assets.xcassets */,
			);
			path = "Preview Content";
			sourceTree = "<group>";
		};
/* End PBXGroup section */

/* Begin PBXNativeTarget section */
		37B9C14923700F8B00BC06A3 /* Example */ = {
			isa = PBXNativeTarget;
			buildConfigurationList = 37B9C15E23700F8E00BC06A3 /* Build configuration list for PBXNativeTarget "Example" */;
			buildPhases = (
				37B9C14623700F8B00BC06A3 /* Sources */,
				37B9C14723700F8B00BC06A3 /* Frameworks */,
				37B9C14823700F8B00BC06A3 /* Resources */,
			);
			buildRules = (
			);
			dependencies = (
			);
			name = Example;
			productName = Example;
			productReference = 37B9C14A23700F8B00BC06A3 /* Example.app */;
			productType = "com.apple.product-type.application";
		};
/* End PBXNativeTarget section */

/* Begin PBXProject section */
		37B9C14223700F8B00BC06A3 /* Project object */ = {
			isa = PBXProject;
			attributes = {
				LastSwiftUpdateCheck = 1120;
				LastUpgradeCheck = 1120;
				ORGANIZATIONNAME = "Tomoya Hirano";
				TargetAttributes = {
					37B9C14923700F8B00BC06A3 = {
						CreatedOnToolsVersion = 11.2;
					};
				};
			};
			buildConfigurationList = 37B9C14523700F8B00BC06A3 /* Build configuration list for PBXProject "Example" */;
			compatibilityVersion = "Xcode 9.3";
			developmentRegion = en;
			hasScannedForEncodings = 0;
			knownRegions = (
				en,
				Base,
			);
			mainGroup = 37B9C14123700F8B00BC06A3;
			productRefGroup = 37B9C14B23700F8B00BC06A3 /* Products */;
			projectDirPath = "";
			projectRoot = "";
			targets = (
				37B9C14923700F8B00BC06A3 /* Example */,
			);
		};
/* End PBXProject section */

/* Begin PBXResourcesBuildPhase section */
		37B9C14823700F8B00BC06A3 /* Resources */ = {
			isa = PBXResourcesBuildPhase;
			buildActionMask = 2147483647;
			files = (
				37B9C15A23700F8E00BC06A3 /* LaunchScreen.storyboard in Resources */,
				37B9C16A2370124E00BC06A3 /* log.txt in Resources */,
				37B9C15723700F8E00BC06A3 /* Preview Assets.xcassets in Resources */,
				37B9C15423700F8E00BC06A3 /* Assets.xcassets in Resources */,
			);
			runOnlyForDeploymentPostprocessing = 0;
		};
/* End PBXResourcesBuildPhase section */

/* Begin PBXSourcesBuildPhase section */
		37B9C14623700F8B00BC06A3 /* Sources */ = {
			isa = PBXSourcesBuildPhase;
			buildActionMask = 2147483647;
			files = (
				37B9C16423700F9900BC06A3 /* ANSI.swift in Sources */,
				37B9C16523700F9900BC06A3 /* Colors.swift in Sources */,
				37B9C14E23700F8B00BC06A3 /* AppDelegate.swift in Sources */,
				37B9C15023700F8B00BC06A3 /* SceneDelegate.swift in Sources */,
				37B9C15223700F8B00BC06A3 /* ContentView.swift in Sources */,
				37B9C16623700F9900BC06A3 /* SGRCode.swift in Sources */,
			);
			runOnlyForDeploymentPostprocessing = 0;
		};
/* End PBXSourcesBuildPhase section */

/* Begin PBXVariantGroup section */
		37B9C15823700F8E00BC06A3 /* LaunchScreen.storyboard */ = {
			isa = PBXVariantGroup;
			children = (
				37B9C15923700F8E00BC06A3 /* Base */,
			);
			name = LaunchScreen.storyboard;
			sourceTree = "<group>";
		};
/* End PBXVariantGroup section */

/* Begin XCBuildConfiguration section */
		37B9C15C23700F8E00BC06A3 /* Debug */ = {
			isa = XCBuildConfiguration;
			buildSettings = {
				ALWAYS_SEARCH_USER_PATHS = NO;
				CLANG_ANALYZER_NONNULL = YES;
				CLANG_ANALYZER_NUMBER_OBJECT_CONVERSION = YES_AGGRESSIVE;
				CLANG_CXX_LANGUAGE_STANDARD = "gnu++14";
				CLANG_CXX_LIBRARY = "libc++";
				CLANG_ENABLE_MODULES = YES;
				CLANG_ENABLE_OBJC_ARC = YES;
				CLANG_ENABLE_OBJC_WEAK = YES;
				CLANG_WARN_BLOCK_CAPTURE_AUTORELEASING = YES;
				CLANG_WARN_BOOL_CONVERSION = YES;
				CLANG_WARN_COMMA = YES;
				CLANG_WARN_CONSTANT_CONVERSION = YES;
				CLANG_WARN_DEPRECATED_OBJC_IMPLEMENTATIONS = YES;
				CLANG_WARN_DIRECT_OBJC_ISA_USAGE = YES_ERROR;
				CLANG_WARN_DOCUMENTATION_COMMENTS = YES;
				CLANG_WARN_EMPTY_BODY = YES;
				CLANG_WARN_ENUM_CONVERSION = YES;
				CLANG_WARN_INFINITE_RECURSION = YES;
				CLANG_WARN_INT_CONVERSION = YES;
				CLANG_WARN_NON_LITERAL_NULL_CONVERSION = YES;
				CLANG_WARN_OBJC_IMPLICIT_RETAIN_SELF = YES;
				CLANG_WARN_OBJC_LITERAL_CONVERSION = YES;
				CLANG_WARN_OBJC_ROOT_CLASS = YES_ERROR;
				CLANG_WARN_RANGE_LOOP_ANALYSIS = YES;
				CLANG_WARN_STRICT_PROTOTYPES = YES;
				CLANG_WARN_SUSPICIOUS_MOVE = YES;
				CLANG_WARN_UNGUARDED_AVAILABILITY = YES_AGGRESSIVE;
				CLANG_WARN_UNREACHABLE_CODE = YES;
				CLANG_WARN__DUPLICATE_METHOD_MATCH = YES;
				COPY_PHASE_STRIP = NO;
				DEBUG_INFORMATION_FORMAT = dwarf;
				ENABLE_STRICT_OBJC_MSGSEND = YES;
				ENABLE_TESTABILITY = YES;
				GCC_C_LANGUAGE_STANDARD = gnu11;
				GCC_DYNAMIC_NO_PIC = NO;
				GCC_NO_COMMON_BLOCKS = YES;
				GCC_OPTIMIZATION_LEVEL = 0;
				GCC_PREPROCESSOR_DEFINITIONS = (
					"DEBUG=1",
					"$(inherited)",
				);
				GCC_WARN_64_TO_32_BIT_CONVERSION = YES;
				GCC_WARN_ABOUT_RETURN_TYPE = YES_ERROR;
				GCC_WARN_UNDECLARED_SELECTOR = YES;
				GCC_WARN_UNINITIALIZED_AUTOS = YES_AGGRESSIVE;
				GCC_WARN_UNUSED_FUNCTION = YES;
				GCC_WARN_UNUSED_VARIABLE = YES;
				IPHONEOS_DEPLOYMENT_TARGET = 13.2;
				MTL_ENABLE_DEBUG_INFO = INCLUDE_SOURCE;
				MTL_FAST_MATH = YES;
				ONLY_ACTIVE_ARCH = YES;
				SDKROOT = iphoneos;
				SWIFT_ACTIVE_COMPILATION_CONDITIONS = DEBUG;
				SWIFT_OPTIMIZATION_LEVEL = "-Onone";
			};
			name = Debug;
		};
		37B9C15D23700F8E00BC06A3 /* Release */ = {
			isa = XCBuildConfiguration;
			buildSettings = {
				ALWAYS_SEARCH_USER_PATHS = NO;
				CLANG_ANALYZER_NONNULL = YES;
				CLANG_ANALYZER_NUMBER_OBJECT_CONVERSION = YES_AGGRESSIVE;
				CLANG_CXX_LANGUAGE_STANDARD = "gnu++14";
				CLANG_CXX_LIBRARY = "libc++";
				CLANG_ENABLE_MODULES = YES;
				CLANG_ENABLE_OBJC_ARC = YES;
				CLANG_ENABLE_OBJC_WEAK = YES;
				CLANG_WARN_BLOCK_CAPTURE_AUTORELEASING = YES;
				CLANG_WARN_BOOL_CONVERSION = YES;
				CLANG_WARN_COMMA = YES;
				CLANG_WARN_CONSTANT_CONVERSION = YES;
				CLANG_WARN_DEPRECATED_OBJC_IMPLEMENTATIONS = YES;
				CLANG_WARN_DIRECT_OBJC_ISA_USAGE = YES_ERROR;
				CLANG_WARN_DOCUMENTATION_COMMENTS = YES;
				CLANG_WARN_EMPTY_BODY = YES;
				CLANG_WARN_ENUM_CONVERSION = YES;
				CLANG_WARN_INFINITE_RECURSION = YES;
				CLANG_WARN_INT_CONVERSION = YES;
				CLANG_WARN_NON_LITERAL_NULL_CONVERSION = YES;
				CLANG_WARN_OBJC_IMPLICIT_RETAIN_SELF = YES;
				CLANG_WARN_OBJC_LITERAL_CONVERSION = YES;
				CLANG_WARN_OBJC_ROOT_CLASS = YES_ERROR;
				CLANG_WARN_RANGE_LOOP_ANALYSIS = YES;
				CLANG_WARN_STRICT_PROTOTYPES = YES;
				CLANG_WARN_SUSPICIOUS_MOVE = YES;
				CLANG_WARN_UNGUARDED_AVAILABILITY = YES_AGGRESSIVE;
				CLANG_WARN_UNREACHABLE_CODE = YES;
				CLANG_WARN__DUPLICATE_METHOD_MATCH = YES;
				COPY_PHASE_STRIP = NO;
				DEBUG_INFORMATION_FORMAT = "dwarf-with-dsym";
				ENABLE_NS_ASSERTIONS = NO;
				ENABLE_STRICT_OBJC_MSGSEND = YES;
				GCC_C_LANGUAGE_STANDARD = gnu11;
				GCC_NO_COMMON_BLOCKS = YES;
				GCC_WARN_64_TO_32_BIT_CONVERSION = YES;
				GCC_WARN_ABOUT_RETURN_TYPE = YES_ERROR;
				GCC_WARN_UNDECLARED_SELECTOR = YES;
				GCC_WARN_UNINITIALIZED_AUTOS = YES_AGGRESSIVE;
				GCC_WARN_UNUSED_FUNCTION = YES;
				GCC_WARN_UNUSED_VARIABLE = YES;
				IPHONEOS_DEPLOYMENT_TARGET = 13.2;
				MTL_ENABLE_DEBUG_INFO = NO;
				MTL_FAST_MATH = YES;
				SDKROOT = iphoneos;
				SWIFT_COMPILATION_MODE = wholemodule;
				SWIFT_OPTIMIZATION_LEVEL = "-O";
				VALIDATE_PRODUCT = YES;
			};
			name = Release;
		};
		37B9C15F23700F8E00BC06A3 /* Debug */ = {
			isa = XCBuildConfiguration;
			buildSettings = {
				ASSETCATALOG_COMPILER_APPICON_NAME = AppIcon;
				CODE_SIGN_ENTITLEMENTS = Example/Example.entitlements;
				CODE_SIGN_STYLE = Automatic;
				DERIVE_MACCATALYST_PRODUCT_BUNDLE_IDENTIFIER = YES;
				DEVELOPMENT_ASSET_PATHS = "\"Example/Preview Content\"";
				DEVELOPMENT_TEAM = FBQ6Z8AF3U;
				ENABLE_PREVIEWS = YES;
				INFOPLIST_FILE = Example/Info.plist;
				LD_RUNPATH_SEARCH_PATHS = (
					"$(inherited)",
					"@executable_path/Frameworks",
				);
				PRODUCT_BUNDLE_IDENTIFIER = com.noppelab.Example;
				PRODUCT_NAME = "$(TARGET_NAME)";
				SUPPORTS_MACCATALYST = YES;
				SWIFT_VERSION = 5.0;
				TARGETED_DEVICE_FAMILY = "1,2";
			};
			name = Debug;
		};
		37B9C16023700F8E00BC06A3 /* Release */ = {
			isa = XCBuildConfiguration;
			buildSettings = {
				ASSETCATALOG_COMPILER_APPICON_NAME = AppIcon;
				CODE_SIGN_ENTITLEMENTS = Example/Example.entitlements;
				CODE_SIGN_STYLE = Automatic;
				DERIVE_MACCATALYST_PRODUCT_BUNDLE_IDENTIFIER = YES;
				DEVELOPMENT_ASSET_PATHS = "\"Example/Preview Content\"";
				DEVELOPMENT_TEAM = FBQ6Z8AF3U;
				ENABLE_PREVIEWS = YES;
				INFOPLIST_FILE = Example/Info.plist;
				LD_RUNPATH_SEARCH_PATHS = (
					"$(inherited)",
					"@executable_path/Frameworks",
				);
				PRODUCT_BUNDLE_IDENTIFIER = com.noppelab.Example;
				PRODUCT_NAME = "$(TARGET_NAME)";
				SUPPORTS_MACCATALYST = YES;
				SWIFT_VERSION = 5.0;
				TARGETED_DEVICE_FAMILY = "1,2";
			};
			name = Release;
		};
/* End XCBuildConfiguration section */

/* Begin XCConfigurationList section */
		37B9C14523700F8B00BC06A3 /* Build configuration list for PBXProject "Example" */ = {
			isa = XCConfigurationList;
			buildConfigurations = (
				37B9C15C23700F8E00BC06A3 /* Debug */,
				37B9C15D23700F8E00BC06A3 /* Release */,
			);
			defaultConfigurationIsVisible = 0;
			defaultConfigurationName = Release;
		};
		37B9C15E23700F8E00BC06A3 /* Build configuration list for PBXNativeTarget "Example" */ = {
			isa = XCConfigurationList;
			buildConfigurations = (
				37B9C15F23700F8E00BC06A3 /* Debug */,
				37B9C16023700F8E00BC06A3 /* Release */,
			);
			defaultConfigurationIsVisible = 0;
			defaultConfigurationName = Release;
		};
/* End XCConfigurationList section */
	};
	rootObject = 37B9C14223700F8B00BC06A3 /* Project object */;
}
